<?xml version="1.0" encoding="utf-8"?>
<Project ToolsVersion="4.0" xmlns="http://schemas.microsoft.com/developer/msbuild/2003">
  <ItemGroup>
    <Filter Include="Source Files">
      <UniqueIdentifier>{4FC737F1-C7A5-4376-A066-2A32D752A2FF}</UniqueIdentifier>
      <Extensions>cpp;c;cc;cxx;c++;cppm;ixx;def;odl;idl;hpj;bat;asm;asmx</Extensions>
    </Filter>
    <Filter Include="Header Files">
      <UniqueIdentifier>{93995380-89BD-4b04-88EB-625FBE52EBFB}</UniqueIdentifier>
      <Extensions>h;hh;hpp;hxx;h++;hm;inl;inc;ipp;xsd</Extensions>
    </Filter>
    <Filter Include="Resource Files">
      <UniqueIdentifier>{67DA6AB6-F800-4c08-8B7A-83BB121AAD01}</UniqueIdentifier>
      <Extensions>rc;ico;cur;bmp;dlg;rc2;rct;bin;rgs;gif;jpg;jpeg;jpe;resx;tiff;tif;png;wav;mfcribbon-ms</Extensions>
    </Filter>
    <Filter Include="Header Files\LiftingLine">
      <UniqueIdentifier>{b47089e1-8f0c-4977-8731-a6742ee855bc}</UniqueIdentifier>
    </Filter>
    <Filter Include="Header Files\Controls">
      <UniqueIdentifier>{a0eba847-4780-4e39-a774-6e1e1b7e534d}</UniqueIdentifier>
    </Filter>
    <Filter Include="Header Files\Base">
      <UniqueIdentifier>{477dfe0c-cd9a-4757-9ce0-c2d0094e3b46}</UniqueIdentifier>
    </Filter>
    <Filter Include="Source Files\Base">
      <UniqueIdentifier>{eaec9c5c-c390-4bbc-981a-b4d2ec3caa4a}</UniqueIdentifier>
    </Filter>
    <Filter Include="Source Files\Controls">
      <UniqueIdentifier>{01d4c715-effa-4e23-90b0-0a31af1d588b}</UniqueIdentifier>
    </Filter>
    <Filter Include="Source Files\LiftingLine">
      <UniqueIdentifier>{963a0989-212d-402b-95e6-619696ea2bfe}</UniqueIdentifier>
    </Filter>
  </ItemGroup>
  <ItemGroup>
    <ClInclude Include="variable_wing.h">
      <Filter>Header Files</Filter>
    </ClInclude>
    <ClInclude Include="aero_model.h">
      <Filter>Header Files\LiftingLine</Filter>
    </ClInclude>
    <ClInclude Include="airstation.h">
      <Filter>Header Files\LiftingLine</Filter>
    </ClInclude>
    <ClInclude Include="lifting_line.h">
      <Filter>Header Files\LiftingLine</Filter>
    </ClInclude>
    <ClInclude Include="dashpot.h">
      <Filter>Header Files\Controls</Filter>
    </ClInclude>
    <ClInclude Include="linear_spring.h">
      <Filter>Header Files\Controls</Filter>
    </ClInclude>
    <ClInclude Include="torsion_spring.h">
      <Filter>Header Files\Controls</Filter>
    </ClInclude>
    <ClInclude Include="wingbox.h">
      <Filter>Header Files\Controls</Filter>
    </ClInclude>
    <ClInclude Include="material.h">
      <Filter>Header Files\Base</Filter>
    </ClInclude>
    <ClInclude Include="geometric_math.h">
      <Filter>Header Files\Base</Filter>
    </ClInclude>
  </ItemGroup>
  <ItemGroup>
    <ClCompile Include="variable_wing.cpp">
      <Filter>Source Files</Filter>
    </ClCompile>
    <ClCompile Include="main.cpp">
      <Filter>Source Files</Filter>
    </ClCompile>
    <ClCompile Include="geometric_math.cpp">
      <Filter>Source Files\Base</Filter>
    </ClCompile>
    <ClCompile Include="material.cpp">
      <Filter>Source Files\Base</Filter>
    </ClCompile>
    <ClCompile Include="dashpot.cpp">
      <Filter>Source Files\Controls</Filter>
    </ClCompile>
    <ClCompile Include="linear_spring.cpp">
      <Filter>Source Files\Controls</Filter>
    </ClCompile>
    <ClCompile Include="torsion_spring.cpp">
      <Filter>Source Files\Controls</Filter>
    </ClCompile>
    <ClCompile Include="wingbox.cpp">
      <Filter>Source Files\Controls</Filter>
    </ClCompile>
    <ClCompile Include="aero_model.cpp">
      <Filter>Source Files\LiftingLine</Filter>
    </ClCompile>
    <ClCompile Include="airstation.cpp">
      <Filter>Source Files\LiftingLine</Filter>
    </ClCompile>
    <ClCompile Include="lifting_line.cpp">
      <Filter>Source Files\LiftingLine</Filter>
    </ClCompile>
  </ItemGroup>
</Project>